{
  "name": "inspector-createhandle-crash",
  "version": "1.0.0",
  "lockfileVersion": 1,
  "requires": true,
  "dependencies": {
    "cookies": {
      "version": "0.7.1",
      "resolved": "https://registry.npmjs.org/cookies/-/cookies-0.7.1.tgz",
      "integrity": "sha1-fIphX1SBxhq58WyDNzG8uPZjuZs=",
      "requires": {
        "depd": "1.1.1",
        "keygrip": "1.0.2"
      }
    },
    "depd": {
      "version": "1.1.1",
      "resolved": "https://registry.npmjs.org/depd/-/depd-1.1.1.tgz",
      "integrity": "sha1-V4O04cRZ8G+lyif5kfPQbnoxA1k="
    },
    "i18next": {
      "version": "1.10.4",
      "resolved": "https://registry.npmjs.org/i18next/-/i18next-1.10.4.tgz",
      "integrity": "sha1-Hr4OZp8HQraoCp8UKtizcmXOXf8=",
      "requires": {
        "cookies": "0.7.1",
        "i18next-client": "1.10.2",
        "json5": "0.2.0"
      }
    },
    "i18next-client": {
      "version": "1.10.2",
      "resolved": "https://registry.npmjs.org/i18next-client/-/i18next-client-1.10.2.tgz",
      "integrity": "sha1-AYTb77QlY1eMrCjPcK7q2j8nmPc="
    },
    "json5": {
      "version": "0.2.0",
      "resolved": "https://registry.npmjs.org/json5/-/json5-0.2.0.tgz",
      "integrity": "sha1-ttcDXHDEVw+IPH7cdZ3jrgPbM0M="
    },
    "keygrip": {
      "version": "1.0.2",
      "resolved": "https://registry.npmjs.org/keygrip/-/keygrip-1.0.2.tgz",
      "integrity": "sha1-rTKXxVcGneqLz+ek+kkbdcXd65E="
    }
  }
}
